
Microsoft Visual Studio Solution File, Format Version 12.00
# Visual Studio Version 17
VisualStudioVersion = 17.9.34607.119
MinimumVisualStudioVersion = 10.0.40219.1
Project("{FAE04EC0-301F-11D3-BF4B-00C04F79EFBC}") = "MyMod", "MyMod.csproj", "{8E42A9D8-51AF-45D9-B8EA-4A8698AD3DCC}"
EndProject
Global
	GlobalSection(SolutionConfigurationPlatforms) = preSolution
		Debug|Any CPU = Debug|Any CPU
		Release|Any CPU = Release|Any CPU
	EndGlobalSection
	GlobalSection(ProjectConfigurationPlatforms) = postSolution
		{8E42A9D8-51AF-45D9-B8EA-4A8698AD3DCC}.Debug|Any CPU.ActiveCfg = Debug|Any CPU
		{8E42A9D8-51AF-45D9-B8EA-4A8698AD3DCC}.Debug|Any CPU.Build.0 = Debug|Any CPU
		{8E42A9D8-51AF-45D9-B8EA-4A8698AD3DCC}.Release|Any CPU.ActiveCfg = Release|Any CPU
		{8E42A9D8-51AF-45D9-B8EA-4A8698AD3DCC}.Release|Any CPU.Build.0 = Release|Any CPU
	EndGlobalSection
	GlobalSection(SolutionProperties) = preSolution
		HideSolutionNode = FALSE
	EndGlobalSection
	GlobalSection(ExtensibilityGlobals) = postSolution
		SolutionGuid = {DD10C068-FA76-4BEA-B8AE-333A9FCA211D}
	EndGlobalSection
EndGlobal
